
Microsoft Visual Studio Solution File, Format Version 12.00
# Visual Studio 15
VisualStudioVersion = 15.0.26430.4
MinimumVisualStudioVersion = 10.0.40219.1
Project("{FAE04EC0-301F-11D3-BF4B-00C04F79EFBC}") = "GraphQLBlogApp.API", "GraphQLBlogApp.API\GraphQLBlogApp.API.csproj", "{7C2E121B-6263-4757-B23D-451B4756DAE3}"
EndProject
Project("{FAE04EC0-301F-11D3-BF4B-00C04F79EFBC}") = "GraphQLBlogApp.Core", "GraphQLBlogApp.Core\GraphQLBlogApp.Core.csproj", "{A8FE51FE-4DC7-4876-AB03-65DFEDFE6ED3}"
EndProject
Project("{FAE04EC0-301F-11D3-BF4B-00C04F79EFBC}") = "GraphQLBlogApp.Data", "GraphQLBlogApp.Data\GraphQLBlogApp.Data.csproj", "{A7D68EEC-4FCD-498A-8C55-7A820107BB64}"
EndProject
Global
	GlobalSection(SolutionConfigurationPlatforms) = preSolution
		Debug|Any CPU = Debug|Any CPU
		Release|Any CPU = Release|Any CPU
	EndGlobalSection
	GlobalSection(ProjectConfigurationPlatforms) = postSolution
		{7C2E121B-6263-4757-B23D-451B4756DAE3}.Debug|Any CPU.ActiveCfg = Debug|Any CPU
		{7C2E121B-6263-4757-B23D-451B4756DAE3}.Debug|Any CPU.Build.0 = Debug|Any CPU
		{7C2E121B-6263-4757-B23D-451B4756DAE3}.Release|Any CPU.ActiveCfg = Release|Any CPU
		{7C2E121B-6263-4757-B23D-451B4756DAE3}.Release|Any CPU.Build.0 = Release|Any CPU
		{A8FE51FE-4DC7-4876-AB03-65DFEDFE6ED3}.Debug|Any CPU.ActiveCfg = Debug|Any CPU
		{A8FE51FE-4DC7-4876-AB03-65DFEDFE6ED3}.Debug|Any CPU.Build.0 = Debug|Any CPU
		{A8FE51FE-4DC7-4876-AB03-65DFEDFE6ED3}.Release|Any CPU.ActiveCfg = Release|Any CPU
		{A8FE51FE-4DC7-4876-AB03-65DFEDFE6ED3}.Release|Any CPU.Build.0 = Release|Any CPU
		{A7D68EEC-4FCD-498A-8C55-7A820107BB64}.Debug|Any CPU.ActiveCfg = Debug|Any CPU
		{A7D68EEC-4FCD-498A-8C55-7A820107BB64}.Debug|Any CPU.Build.0 = Debug|Any CPU
		{A7D68EEC-4FCD-498A-8C55-7A820107BB64}.Release|Any CPU.ActiveCfg = Release|Any CPU
		{A7D68EEC-4FCD-498A-8C55-7A820107BB64}.Release|Any CPU.Build.0 = Release|Any CPU
	EndGlobalSection
	GlobalSection(SolutionProperties) = preSolution
		HideSolutionNode = FALSE
	EndGlobalSection
EndGlobal
